
Microsoft Visual Studio Solution File, Format Version 12.00
# Visual Studio Version 16
VisualStudioVersion = 16.0.30804.86
MinimumVisualStudioVersion = 10.0.40219.1
Project("{FAE04EC0-301F-11D3-BF4B-00C04F79EFBC}") = "GameLifeSMK", "GameLifeSMK\GameLifeSMK.csproj", "{4DD10C68-82AF-454F-A07F-D5219FF3F1E4}"
EndProject
Global
	GlobalSection(SolutionConfigurationPlatforms) = preSolution
		Debug|Any CPU = Debug|Any CPU
		Release|Any CPU = Release|Any CPU
	EndGlobalSection
	GlobalSection(ProjectConfigurationPlatforms) = postSolution
		{4DD10C68-82AF-454F-A07F-D5219FF3F1E4}.Debug|Any CPU.ActiveCfg = Debug|Any CPU
		{4DD10C68-82AF-454F-A07F-D5219FF3F1E4}.Debug|Any CPU.Build.0 = Debug|Any CPU
		{4DD10C68-82AF-454F-A07F-D5219FF3F1E4}.Release|Any CPU.ActiveCfg = Release|Any CPU
		{4DD10C68-82AF-454F-A07F-D5219FF3F1E4}.Release|Any CPU.Build.0 = Release|Any CPU
	EndGlobalSection
	GlobalSection(SolutionProperties) = preSolution
		HideSolutionNode = FALSE
	EndGlobalSection
	GlobalSection(ExtensibilityGlobals) = postSolution
		SolutionGuid = {6C968D5B-1801-4F89-AE63-D6F919B41258}
	EndGlobalSection
EndGlobal
